{
  "nodes": {
    "home-manager": {
      "inputs": {
        "nixpkgs": [
          "nixpkgs"
        ]
      },
      "locked": {
        "lastModified": 1713527814,
        "narHash": "sha256-0NJLgMKvv+HluzeHei/m8vDhX3xovNLkMw/idwIJ218=",
        "owner": "nix-community",
        "repo": "home-manager",
        "rev": "0184c8180f5cbb8e3a54a239b874fe849d3073cb",
        "type": "github"
      },
      "original": {
        "owner": "nix-community",
        "repo": "home-manager",
        "type": "github"
      }
    },
    "nix-darwin": {
      "inputs": {
        "nixpkgs": [
          "nixpkgs"
        ]
      },
      "locked": {
        "lastModified": 1713492497,
        "narHash": "sha256-FifiHvYmHL7BEOaQorHjHRaW3SJj2qYCdxUmCETAQl4=",
        "owner": "LnL7",
        "repo": "nix-darwin",
        "rev": "eb25dc61a62efcdf47efce6cb17cd5cb3c8f2719",
        "type": "github"
      },
      "original": {
        "owner": "LnL7",
        "repo": "nix-darwin",
        "type": "github"
      }
    },
    "nixpkgs": {
      "locked": {
        "lastModified": 1713442664,
        "narHash": "sha256-LoExypse3c/uun/39u4bPTN4wejIF7hNsdITZO41qTw=",
        "owner": "NixOS",
        "repo": "nixpkgs",
        "rev": "d764f230634fa4f86dc8d01c6af9619c7cc5d225",
        "type": "github"
      },
      "original": {
        "owner": "NixOS",
        "ref": "nixpkgs-unstable",
        "repo": "nixpkgs",
        "type": "github"
      }
    },
    "root": {
      "inputs": {
        "home-manager": "home-manager",
        "nix-darwin": "nix-darwin",
        "nixpkgs": "nixpkgs"
      }
    }
  },
  "root": "root",
  "version": 7
}
